// !$*UTF8*$!
{
	archiveVersion = 1;
	classes = {
	};
	objectVersion = 46;
	objects = {

/* Begin PBXBuildFile section */
		B1F418031BFC11A800B5D5F0 /* main.m in Sources */ = {isa = PBXBuildFile; fileRef = B1F418021BFC11A800B5D5F0 /* main.m */; };
		B1F418061BFC11A800B5D5F0 /* AppDelegate.m in Sources */ = {isa = PBXBuildFile; fileRef = B1F418051BFC11A800B5D5F0 /* AppDelegate.m */; };
		B1F418081BFC11A800B5D5F0 /* Images.xcassets in Resources */ = {isa = PBXBuildFile; fileRef = B1F418071BFC11A800B5D5F0 /* Images.xcassets */; };
		B1F4180B1BFC11A800B5D5F0 /* LaunchScreen.xib in Resources */ = {isa = PBXBuildFile; fileRef = B1F418091BFC11A800B5D5F0 /* LaunchScreen.xib */; };
		B1F418171BFC11A800B5D5F0 /* runtimeDemoTests.m in Sources */ = {isa = PBXBuildFile; fileRef = B1F418161BFC11A800B5D5F0 /* runtimeDemoTests.m */; };
/* End PBXBuildFile section */

/* Begin PBXContainerItemProxy section */
		B1F418111BFC11A800B5D5F0 /* PBXContainerItemProxy */ = {
			isa = PBXContainerItemProxy;
			containerPortal = B1F417F51BFC11A700B5D5F0 /* Project object */;
			proxyType = 1;
			remoteGlobalIDString = B1F417FC1BFC11A700B5D5F0;
			remoteInfo = runtimeDemo;
		};
/* End PBXContainerItemProxy section */

/* Begin PBXFileReference section */
		B1F417FD1BFC11A700B5D5F0 /* runtimeDemo.app */ = {isa = PBXFileReference; explicitFileType = wrapper.application; includeInIndex = 0; path = runtimeDemo.app; sourceTree = BUILT_PRODUCTS_DIR; };
		B1F418011BFC11A800B5D5F0 /* Info.plist */ = {isa = PBXFileReference; lastKnownFileType = text.plist.xml; path = Info.plist; sourceTree = "<group>"; };
		B1F418021BFC11A800B5D5F0 /* main.m */ = {isa = PBXFileReference; lastKnownFileType = sourcecode.c.objc; path = main.m; sourceTree = "<group>"; };
		B1F418041BFC11A800B5D5F0 /* AppDelegate.h */ = {isa = PBXFileReference; lastKnownFileType = sourcecode.c.h; path = AppDelegate.h; sourceTree = "<group>"; };
		B1F418051BFC11A800B5D5F0 /* AppDelegate.m */ = {isa = PBXFileReference; lastKnownFileType = sourcecode.c.objc; path = AppDelegate.m; sourceTree = "<group>"; };
		B1F418071BFC11A800B5D5F0 /* Images.xcassets */ = {isa = PBXFileReference; lastKnownFileType = folder.assetcatalog; path = Images.xcassets; sourceTree = "<group>"; };
		B1F4180A1BFC11A800B5D5F0 /* Base */ = {isa = PBXFileReference; lastKnownFileType = file.xib; name = Base; path = Base.lproj/LaunchScreen.xib; sourceTree = "<group>"; };
		B1F418101BFC11A800B5D5F0 /* runtimeDemoTests.xctest */ = {isa = PBXFileReference; explicitFileType = wrapper.cfbundle; includeInIndex = 0; path = runtimeDemoTests.xctest; sourceTree = BUILT_PRODUCTS_DIR; };
		B1F418151BFC11A800B5D5F0 /* Info.plist */ = {isa = PBXFileReference; lastKnownFileType = text.plist.xml; path = Info.plist; sourceTree = "<group>"; };
		B1F418161BFC11A800B5D5F0 /* runtimeDemoTests.m */ = {isa = PBXFileReference; lastKnownFileType = sourcecode.c.objc; path = runtimeDemoTests.m; sourceTree = "<group>"; };
/* End PBXFileReference section */

/* Begin PBXFrameworksBuildPhase section */
		B1F417FA1BFC11A700B5D5F0 /* Frameworks */ = {
			isa = PBXFrameworksBuildPhase;
			buildActionMask = 2147483647;
			files = (
			);
			runOnlyForDeploymentPostprocessing = 0;
		};
		B1F4180D1BFC11A800B5D5F0 /* Frameworks */ = {
			isa = PBXFrameworksBuildPhase;
			buildActionMask = 2147483647;
			files = (
			);
			runOnlyForDeploymentPostprocessing = 0;
		};
/* End PBXFrameworksBuildPhase section */

/* Begin PBXGroup section */
		B1F417F41BFC11A700B5D5F0 = {
			isa = PBXGroup;
			children = (
				B1F417FF1BFC11A700B5D5F0 /* runtimeDemo */,
				B1F418131BFC11A800B5D5F0 /* runtimeDemoTests */,
				B1F417FE1BFC11A700B5D5F0 /* Products */,
			);
			sourceTree = "<group>";
		};
		B1F417FE1BFC11A700B5D5F0 /* Products */ = {
			isa = PBXGroup;
			children = (
				B1F417FD1BFC11A700B5D5F0 /* runtimeDemo.app */,
				B1F418101BFC11A800B5D5F0 /* runtimeDemoTests.xctest */,
			);
			name = Products;
			sourceTree = "<group>";
		};
		B1F417FF1BFC11A700B5D5F0 /* runtimeDemo */ = {
			isa = PBXGroup;
			children = (
				B1F418041BFC11A800B5D5F0 /* AppDelegate.h */,
				B1F418051BFC11A800B5D5F0 /* AppDelegate.m */,
				B1F418071BFC11A800B5D5F0 /* Images.xcassets */,
				B1F418091BFC11A800B5D5F0 /* LaunchScreen.xib */,
				B1F418001BFC11A800B5D5F0 /* Supporting Files */,
			);
			path = runtimeDemo;
			sourceTree = "<group>";
		};
		B1F418001BFC11A800B5D5F0 /* Supporting Files */ = {
			isa = PBXGroup;
			children = (
				B1F418011BFC11A800B5D5F0 /* Info.plist */,
				B1F418021BFC11A800B5D5F0 /* main.m */,
			);
			name = "Supporting Files";
			sourceTree = "<group>";
		};
		B1F418131BFC11A800B5D5F0 /* runtimeDemoTests */ = {
			isa = PBXGroup;
			children = (
				B1F418161BFC11A800B5D5F0 /* runtimeDemoTests.m */,
				B1F418141BFC11A800B5D5F0 /* Supporting Files */,
			);
			path = runtimeDemoTests;
			sourceTree = "<group>";
		};
		B1F418141BFC11A800B5D5F0 /* Supporting Files */ = {
			isa = PBXGroup;
			children = (
				B1F418151BFC11A800B5D5F0 /* Info.plist */,
			);
			name = "Supporting Files";
			sourceTree = "<group>";
		};
/* End PBXGroup section */

/* Begin PBXNativeTarget section */
		B1F417FC1BFC11A700B5D5F0 /* runtimeDemo */ = {
			isa = PBXNativeTarget;
			buildConfigurationList = B1F4181A1BFC11A800B5D5F0 /* Build configuration list for PBXNativeTarget "runtimeDemo" */;
			buildPhases = (
				B1F417F91BFC11A700B5D5F0 /* Sources */,
				B1F417FA1BFC11A700B5D5F0 /* Frameworks */,
				B1F417FB1BFC11A700B5D5F0 /* Resources */,
			);
			buildRules = (
			);
			dependencies = (
			);
			name = runtimeDemo;
			productName = runtimeDemo;
			productReference = B1F417FD1BFC11A700B5D5F0 /* runtimeDemo.app */;
			productType = "com.apple.product-type.application";
		};
		B1F4180F1BFC11A800B5D5F0 /* runtimeDemoTests */ = {
			isa = PBXNativeTarget;
			buildConfigurationList = B1F4181D1BFC11A800B5D5F0 /* Build configuration list for PBXNativeTarget "runtimeDemoTests" */;
			buildPhases = (
				B1F4180C1BFC11A800B5D5F0 /* Sources */,
				B1F4180D1BFC11A800B5D5F0 /* Frameworks */,
				B1F4180E1BFC11A800B5D5F0 /* Resources */,
			);
			buildRules = (
			);
			dependencies = (
				B1F418121BFC11A800B5D5F0 /* PBXTargetDependency */,
			);
			name = runtimeDemoTests;
			productName = runtimeDemoTests;
			productReference = B1F418101BFC11A800B5D5F0 /* runtimeDemoTests.xctest */;
			productType = "com.apple.product-type.bundle.unit-test";
		};
/* End PBXNativeTarget section */

/* Begin PBXProject section */
		B1F417F51BFC11A700B5D5F0 /* Project object */ = {
			isa = PBXProject;
			attributes = {
				LastUpgradeCheck = 0640;
				ORGANIZATIONNAME = zhs;
				TargetAttributes = {
					B1F417FC1BFC11A700B5D5F0 = {
						CreatedOnToolsVersion = 6.4;
					};
					B1F4180F1BFC11A800B5D5F0 = {
						CreatedOnToolsVersion = 6.4;
						TestTargetID = B1F417FC1BFC11A700B5D5F0;
					};
				};
			};
			buildConfigurationList = B1F417F81BFC11A700B5D5F0 /* Build configuration list for PBXProject "runtimeDemo" */;
			compatibilityVersion = "Xcode 3.2";
			developmentRegion = English;
			hasScannedForEncodings = 0;
			knownRegions = (
				en,
				Base,
			);
			mainGroup = B1F417F41BFC11A700B5D5F0;
			productRefGroup = B1F417FE1BFC11A700B5D5F0 /* Products */;
			projectDirPath = "";
			projectRoot = "";
			targets = (
				B1F417FC1BFC11A700B5D5F0 /* runtimeDemo */,
				B1F4180F1BFC11A800B5D5F0 /* runtimeDemoTests */,
			);
		};
/* End PBXProject section */

/* Begin PBXResourcesBuildPhase section */
		B1F417FB1BFC11A700B5D5F0 /* Resources */ = {
			isa = PBXResourcesBuildPhase;
			buildActionMask = 2147483647;
			files = (
				B1F4180B1BFC11A800B5D5F0 /* LaunchScreen.xib in Resources */,
				B1F418081BFC11A800B5D5F0 /* Images.xcassets in Resources */,
			);
			runOnlyForDeploymentPostprocessing = 0;
		};
		B1F4180E1BFC11A800B5D5F0 /* Resources */ = {
			isa = PBXResourcesBuildPhase;
			buildActionMask = 2147483647;
			files = (
			);
			runOnlyForDeploymentPostprocessing = 0;
		};
/* End PBXResourcesBuildPhase section */

/* Begin PBXSourcesBuildPhase section */
		B1F417F91BFC11A700B5D5F0 /* Sources */ = {
			isa = PBXSourcesBuildPhase;
			buildActionMask = 2147483647;
			files = (
				B1F418061BFC11A800B5D5F0 /* AppDelegate.m in Sources */,
				B1F418031BFC11A800B5D5F0 /* main.m in Sources */,
			);
			runOnlyForDeploymentPostprocessing = 0;
		};
		B1F4180C1BFC11A800B5D5F0 /* Sources */ = {
			isa = PBXSourcesBuildPhase;
			buildActionMask = 2147483647;
			files = (
				B1F418171BFC11A800B5D5F0 /* runtimeDemoTests.m in Sources */,
			);
			runOnlyForDeploymentPostprocessing = 0;
		};
/* End PBXSourcesBuildPhase section */

/* Begin PBXTargetDependency section */
		B1F418121BFC11A800B5D5F0 /* PBXTargetDependency */ = {
			isa = PBXTargetDependency;
			target = B1F417FC1BFC11A700B5D5F0 /* runtimeDemo */;
			targetProxy = B1F418111BFC11A800B5D5F0 /* PBXContainerItemProxy */;
		};
/* End PBXTargetDependency section */

/* Begin PBXVariantGroup section */
		B1F418091BFC11A800B5D5F0 /* LaunchScreen.xib */ = {
			isa = PBXVariantGroup;
			children = (
				B1F4180A1BFC11A800B5D5F0 /* Base */,
			);
			name = LaunchScreen.xib;
			sourceTree = "<group>";
		};
/* End PBXVariantGroup section */

/* Begin XCBuildConfiguration section */
		B1F418181BFC11A800B5D5F0 /* Debug */ = {
			isa = XCBuildConfiguration;
			buildSettings = {
				ALWAYS_SEARCH_USER_PATHS = NO;
				CLANG_CXX_LANGUAGE_STANDARD = "gnu++0x";
				CLANG_CXX_LIBRARY = "libc++";
				CLANG_ENABLE_MODULES = YES;
				CLANG_ENABLE_OBJC_ARC = YES;
				CLANG_WARN_BOOL_CONVERSION = YES;
				CLANG_WARN_CONSTANT_CONVERSION = YES;
				CLANG_WARN_DIRECT_OBJC_ISA_USAGE = YES_ERROR;
				CLANG_WARN_EMPTY_BODY = YES;
				CLANG_WARN_ENUM_CONVERSION = YES;
				CLANG_WARN_INT_CONVERSION = YES;
				CLANG_WARN_OBJC_ROOT_CLASS = YES_ERROR;
				CLANG_WARN_UNREACHABLE_CODE = YES;
				CLANG_WARN__DUPLICATE_METHOD_MATCH = YES;
				"CODE_SIGN_IDENTITY[sdk=iphoneos*]" = "iPhone Developer";
				COPY_PHASE_STRIP = NO;
				DEBUG_INFORMATION_FORMAT = "dwarf-with-dsym";
				ENABLE_STRICT_OBJC_MSGSEND = YES;
				GCC_C_LANGUAGE_STANDARD = gnu99;
				GCC_DYNAMIC_NO_PIC = NO;
				GCC_NO_COMMON_BLOCKS = YES;
				GCC_OPTIMIZATION_LEVEL = 0;
				GCC_PREPROCESSOR_DEFINITIONS = (
					"DEBUG=1",
					"$(inherited)",
				);
				GCC_SYMBOLS_PRIVATE_EXTERN = NO;
				GCC_WARN_64_TO_32_BIT_CONVERSION = YES;
				GCC_WARN_ABOUT_RETURN_TYPE = YES_ERROR;
				GCC_WARN_UNDECLARED_SELECTOR = YES;
				GCC_WARN_UNINITIALIZED_AUTOS = YES_AGGRESSIVE;
				GCC_WARN_UNUSED_FUNCTION = YES;
				GCC_WARN_UNUSED_VARIABLE = YES;
				IPHONEOS_DEPLOYMENT_TARGET = 8.4;
				MTL_ENABLE_DEBUG_INFO = YES;
				ONLY_ACTIVE_ARCH = YES;
				SDKROOT = iphoneos;
			};
			name = Debug;
		};
		B1F418191BFC11A800B5D5F0 /* Release */ = {
			isa = XCBuildConfiguration;
			buildSettings = {
				ALWAYS_SEARCH_USER_PATHS = NO;
				CLANG_CXX_LANGUAGE_STANDARD = "gnu++0x";
				CLANG_CXX_LIBRARY = "libc++";
				CLANG_ENABLE_MODULES = YES;
				CLANG_ENABLE_OBJC_ARC = YES;
				CLANG_WARN_BOOL_CONVERSION = YES;
				CLANG_WARN_CONSTANT_CONVERSION = YES;
				CLANG_WARN_DIRECT_OBJC_ISA_USAGE = YES_ERROR;
				CLANG_WARN_EMPTY_BODY = YES;
				CLANG_WARN_ENUM_CONVERSION = YES;
				CLANG_WARN_INT_CONVERSION = YES;
				CLANG_WARN_OBJC_ROOT_CLASS = YES_ERROR;
				CLANG_WARN_UNREACHABLE_CODE = YES;
				CLANG_WARN__DUPLICATE_METHOD_MATCH = YES;
				"CODE_SIGN_IDENTITY[sdk=iphoneos*]" = "iPhone Developer";
				COPY_PHASE_STRIP = NO;
				DEBUG_INFORMATION_FORMAT = "dwarf-with-dsym";
				ENABLE_NS_ASSERTIONS = NO;
				ENABLE_STRICT_OBJC_MSGSEND = YES;
				GCC_C_LANGUAGE_STANDARD = gnu99;
				GCC_NO_COMMON_BLOCKS = YES;
				GCC_WARN_64_TO_32_BIT_CONVERSION = YES;
				GCC_WARN_ABOUT_RETURN_TYPE = YES_ERROR;
				GCC_WARN_UNDECLARED_SELECTOR = YES;
				GCC_WARN_UNINITIALIZED_AUTOS = YES_AGGRESSIVE;
				GCC_WARN_UNUSED_FUNCTION = YES;
				GCC_WARN_UNUSED_VARIABLE = YES;
				IPHONEOS_DEPLOYMENT_TARGET = 8.4;
				MTL_ENABLE_DEBUG_INFO = NO;
				SDKROOT = iphoneos;
				VALIDATE_PRODUCT = YES;
			};
			name = Release;
		};
		B1F4181B1BFC11A800B5D5F0 /* Debug */ = {
			isa = XCBuildConfiguration;
			buildSettings = {
				ASSETCATALOG_COMPILER_APPICON_NAME = AppIcon;
				INFOPLIST_FILE = runtimeDemo/Info.plist;
				LD_RUNPATH_SEARCH_PATHS = "$(inherited) @executable_path/Frameworks";
				PRODUCT_NAME = "$(TARGET_NAME)";
			};
			name = Debug;
		};
		B1F4181C1BFC11A800B5D5F0 /* Release */ = {
			isa = XCBuildConfiguration;
			buildSettings = {
				ASSETCATALOG_COMPILER_APPICON_NAME = AppIcon;
				INFOPLIST_FILE = runtimeDemo/Info.plist;
				LD_RUNPATH_SEARCH_PATHS = "$(inherited) @executable_path/Frameworks";
				PRODUCT_NAME = "$(TARGET_NAME)";
			};
			name = Release;
		};
		B1F4181E1BFC11A800B5D5F0 /* Debug */ = {
			isa = XCBuildConfiguration;
			buildSettings = {
				BUNDLE_LOADER = "$(TEST_HOST)";
				FRAMEWORK_SEARCH_PATHS = (
					"$(SDKROOT)/Developer/Library/Frameworks",
					"$(inherited)",
				);
				GCC_PREPROCESSOR_DEFINITIONS = (
					"DEBUG=1",
					"$(inherited)",
				);
				INFOPLIST_FILE = runtimeDemoTests/Info.plist;
				LD_RUNPATH_SEARCH_PATHS = "$(inherited) @executable_path/Frameworks @loader_path/Frameworks";
				PRODUCT_NAME = "$(TARGET_NAME)";
				TEST_HOST = "$(BUILT_PRODUCTS_DIR)/runtimeDemo.app/runtimeDemo";
			};
			name = Debug;
		};
		B1F4181F1BFC11A800B5D5F0 /* Release */ = {
			isa = XCBuildConfiguration;
			buildSettings = {
				BUNDLE_LOADER = "$(TEST_HOST)";
				FRAMEWORK_SEARCH_PATHS = (
					"$(SDKROOT)/Developer/Library/Frameworks",
					"$(inherited)",
				);
				INFOPLIST_FILE = runtimeDemoTests/Info.plist;
				LD_RUNPATH_SEARCH_PATHS = "$(inherited) @executable_path/Frameworks @loader_path/Frameworks";
				PRODUCT_NAME = "$(TARGET_NAME)";
				TEST_HOST = "$(BUILT_PRODUCTS_DIR)/runtimeDemo.app/runtimeDemo";
			};
			name = Release;
		};
/* End XCBuildConfiguration section */

/* Begin XCConfigurationList section */
		B1F417F81BFC11A700B5D5F0 /* Build configuration list for PBXProject "runtimeDemo" */ = {
			isa = XCConfigurationList;
			buildConfigurations = (
				B1F418181BFC11A800B5D5F0 /* Debug */,
				B1F418191BFC11A800B5D5F0 /* Release */,
			);
			defaultConfigurationIsVisible = 0;
			defaultConfigurationName = Release;
		};
		B1F4181A1BFC11A800B5D5F0 /* Build configuration list for PBXNativeTarget "runtimeDemo" */ = {
			isa = XCConfigurationList;
			buildConfigurations = (
				B1F4181B1BFC11A800B5D5F0 /* Debug */,
				B1F4181C1BFC11A800B5D5F0 /* Release */,
			);
			defaultConfigurationIsVisible = 0;
		};
		B1F4181D1BFC11A800B5D5F0 /* Build configuration list for PBXNativeTarget "runtimeDemoTests" */ = {
			isa = XCConfigurationList;
			buildConfigurations = (
				B1F4181E1BFC11A800B5D5F0 /* Debug */,
				B1F4181F1BFC11A800B5D5F0 /* Release */,
			);
			defaultConfigurationIsVisible = 0;
		};
/* End XCConfigurationList section */
	};
	rootObject = B1F417F51BFC11A700B5D5F0 /* Project object */;
}
